{
  "name": "blinkt-adapter",
  "version": "0.0.4",
  "lockfileVersion": 1,
  "requires": true,
  "dependencies": {
    "bindings": {
      "version": "1.3.0",
      "resolved": "https://registry.npmjs.org/bindings/-/bindings-1.3.0.tgz",
      "integrity": "sha512-DpLh5EzMR2kzvX1KIlVC0VkC3iZtHKTgdtZ0a3pglBZdaQFjt5S9g9xd1lE+YvXyfd6mtCeRnrUfOLYiTMlNSw=="
    },
    "color": {
      "version": "2.0.1",
      "resolved": "https://registry.npmjs.org/color/-/color-2.0.1.tgz",
      "integrity": "sha512-ubUCVVKfT7r2w2D3qtHakj8mbmKms+tThR8gI8zEYCbUBl8/voqFGt3kgBqGwXAopgXybnkuOq+qMYCRrp4cXw==",
      "requires": {
        "color-convert": "^1.9.1",
        "color-string": "^1.5.2"
      }
    },
    "color-convert": {
      "version": "1.9.1",
      "resolved": "https://registry.npmjs.org/color-convert/-/color-convert-1.9.1.tgz",
      "integrity": "sha512-mjGanIiwQJskCC18rPR6OmrZ6fm2Lc7PeGFYwCmy5J34wC6F1PzdGL6xeMfmgicfYcNLGuVFA3WzXtIDCQSZxQ==",
      "requires": {
        "color-name": "^1.1.1"
      }
    },
    "color-name": {
      "version": "1.1.3",
      "resolved": "https://registry.npmjs.org/color-name/-/color-name-1.1.3.tgz",
      "integrity": "sha1-p9BVi9icQveV3UIyj3QIMcpTvCU="
    },
    "color-string": {
      "version": "1.5.2",
      "resolved": "https://registry.npmjs.org/color-string/-/color-string-1.5.2.tgz",
      "integrity": "sha1-JuRYFLw8mny9Z1FkikFDRRSnc6k=",
      "requires": {
        "color-name": "^1.0.0",
        "simple-swizzle": "^0.2.2"
      }
    },
    "epoll": {
      "version": "1.0.2",
      "resolved": "https://registry.npmjs.org/epoll/-/epoll-1.0.2.tgz",
      "integrity": "sha512-3t2crZPej4v60YYvXE/pgJ62D4RZBd/UsEXsHd+H3xtDre0vO8aV9O+0ThIPlfZtHJ4vMPhz55fYK1j37rX9Ng==",
      "requires": {
        "bindings": "~1.3.0",
        "nan": "~2.8.0"
      }
    },
    "is-arrayish": {
      "version": "0.3.1",
      "resolved": "https://registry.npmjs.org/is-arrayish/-/is-arrayish-0.3.1.tgz",
      "integrity": "sha1-wt/DhquqDD4zxI2z/ocFnmkGXv0="
    },
    "nan": {
      "version": "2.8.0",
      "resolved": "https://registry.npmjs.org/nan/-/nan-2.8.0.tgz",
      "integrity": "sha1-7XFfP+neArV6XmJS2QqWZ14fCFo="
    },
    "onoff": {
      "version": "1.2.0",
      "resolved": "https://registry.npmjs.org/onoff/-/onoff-1.2.0.tgz",
      "integrity": "sha512-o41qBIIs6agXRjryGBIJpq1xour69VDBfROf3IX+wiwutIowPZDcjTRCqFo+HYleiQngO1wfNqHWpjm0l0oYwQ==",
      "requires": {
        "epoll": "~1.0.2"
      }
    },
    "simple-swizzle": {
      "version": "0.2.2",
      "resolved": "https://registry.npmjs.org/simple-swizzle/-/simple-swizzle-0.2.2.tgz",
      "integrity": "sha1-pNprY1/8zMoz9w0Xy5JZLeleVXo=",
      "requires": {
        "is-arrayish": "^0.3.1"
      }
    }
  }
}
